
Microsoft Visual Studio Solution File, Format Version 12.00
# Visual Studio 14
VisualStudioVersion = 14.0.25123.0
MinimumVisualStudioVersion = 10.0.40219.1
Project("{94157A8F-0CCD-4328-BD41-B09C9B4F9BBE}") = "Sitecore.Support.40613", "Sitecore.Support.40613\Sitecore.Support.40613.csproj", "{B8E43A7A-A0F8-4D95-8764-53BF15E7F682}"
EndProject
Global
	GlobalSection(SolutionConfigurationPlatforms) = preSolution
		Debug|Any CPU = Debug|Any CPU
		Release|Any CPU = Release|Any CPU
	EndGlobalSection
	GlobalSection(ProjectConfigurationPlatforms) = postSolution
		{B8E43A7A-A0F8-4D95-8764-53BF15E7F682}.Debug|Any CPU.ActiveCfg = Debug|Any CPU
		{B8E43A7A-A0F8-4D95-8764-53BF15E7F682}.Debug|Any CPU.Build.0 = Debug|Any CPU
		{B8E43A7A-A0F8-4D95-8764-53BF15E7F682}.Release|Any CPU.ActiveCfg = Release|Any CPU
		{B8E43A7A-A0F8-4D95-8764-53BF15E7F682}.Release|Any CPU.Build.0 = Release|Any CPU
	EndGlobalSection
	GlobalSection(SolutionProperties) = preSolution
		HideSolutionNode = FALSE
	EndGlobalSection
EndGlobal
